
Microsoft Visual Studio Solution File, Format Version 12.00
# Visual Studio Version 16
VisualStudioVersion = 16.0.28922.388
MinimumVisualStudioVersion = 10.0.40219.1
Project("{FAE04EC0-301F-11D3-BF4B-00C04F79EFBC}") = "PongV2", "PongV2\PongV2.csproj", "{61989470-C2E0-48C5-B6F5-736D0F5871E1}"
EndProject
Global
	GlobalSection(SolutionConfigurationPlatforms) = preSolution
		Debug|Any CPU = Debug|Any CPU
		Release|Any CPU = Release|Any CPU
	EndGlobalSection
	GlobalSection(ProjectConfigurationPlatforms) = postSolution
		{61989470-C2E0-48C5-B6F5-736D0F5871E1}.Debug|Any CPU.ActiveCfg = Debug|Any CPU
		{61989470-C2E0-48C5-B6F5-736D0F5871E1}.Debug|Any CPU.Build.0 = Debug|Any CPU
		{61989470-C2E0-48C5-B6F5-736D0F5871E1}.Release|Any CPU.ActiveCfg = Release|Any CPU
		{61989470-C2E0-48C5-B6F5-736D0F5871E1}.Release|Any CPU.Build.0 = Release|Any CPU
	EndGlobalSection
	GlobalSection(SolutionProperties) = preSolution
		HideSolutionNode = FALSE
	EndGlobalSection
	GlobalSection(ExtensibilityGlobals) = postSolution
		SolutionGuid = {335D3EA6-D07A-42F9-8862-58E79B6B6D48}
	EndGlobalSection
EndGlobal
